
Microsoft Visual Studio Solution File, Format Version 12.00
# Visual Studio Version 16
VisualStudioVersion = 16.0.31515.178
MinimumVisualStudioVersion = 10.0.40219.1
Project("{FAE04EC0-301F-11D3-BF4B-00C04F79EFBC}") = "ObjectLibrary", "ObjectLibrary\ObjectLibrary.csproj", "{3E3362CC-CB65-4683-B611-9F7892596BB0}"
EndProject
Project("{FAE04EC0-301F-11D3-BF4B-00C04F79EFBC}") = "SerializationFormatsUI", "SerializationFormatsUI\SerializationFormatsUI.csproj", "{AE295806-29F7-4309-9ABB-B90565191FA7}"
EndProject
Global
	GlobalSection(SolutionConfigurationPlatforms) = preSolution
		Debug|Any CPU = Debug|Any CPU
		Release|Any CPU = Release|Any CPU
	EndGlobalSection
	GlobalSection(ProjectConfigurationPlatforms) = postSolution
		{3E3362CC-CB65-4683-B611-9F7892596BB0}.Debug|Any CPU.ActiveCfg = Debug|Any CPU
		{3E3362CC-CB65-4683-B611-9F7892596BB0}.Debug|Any CPU.Build.0 = Debug|Any CPU
		{3E3362CC-CB65-4683-B611-9F7892596BB0}.Release|Any CPU.ActiveCfg = Release|Any CPU
		{3E3362CC-CB65-4683-B611-9F7892596BB0}.Release|Any CPU.Build.0 = Release|Any CPU
		{AE295806-29F7-4309-9ABB-B90565191FA7}.Debug|Any CPU.ActiveCfg = Debug|Any CPU
		{AE295806-29F7-4309-9ABB-B90565191FA7}.Debug|Any CPU.Build.0 = Debug|Any CPU
		{AE295806-29F7-4309-9ABB-B90565191FA7}.Release|Any CPU.ActiveCfg = Release|Any CPU
		{AE295806-29F7-4309-9ABB-B90565191FA7}.Release|Any CPU.Build.0 = Release|Any CPU
	EndGlobalSection
	GlobalSection(SolutionProperties) = preSolution
		HideSolutionNode = FALSE
	EndGlobalSection
	GlobalSection(ExtensibilityGlobals) = postSolution
		SolutionGuid = {1980E1D9-2797-4235-A233-6D08B212253E}
	EndGlobalSection
EndGlobal
