
Microsoft Visual Studio Solution File, Format Version 12.00
# Visual Studio Version 16
VisualStudioVersion = 16.0.31515.178
MinimumVisualStudioVersion = 10.0.40219.1
Project("{FAE04EC0-301F-11D3-BF4B-00C04F79EFBC}") = "AcademyUI", "AcademyUI\AcademyUI.csproj", "{4B11533E-3299-4719-8EAD-E908864E88BB}"
EndProject
Project("{FAE04EC0-301F-11D3-BF4B-00C04F79EFBC}") = "AcademyLibrary", "AcademyLibrary\AcademyLibrary.csproj", "{56F40E8F-BDDE-49A1-A968-FD86930C089E}"
EndProject
Global
	GlobalSection(SolutionConfigurationPlatforms) = preSolution
		Debug|Any CPU = Debug|Any CPU
		Release|Any CPU = Release|Any CPU
	EndGlobalSection
	GlobalSection(ProjectConfigurationPlatforms) = postSolution
		{4B11533E-3299-4719-8EAD-E908864E88BB}.Debug|Any CPU.ActiveCfg = Debug|Any CPU
		{4B11533E-3299-4719-8EAD-E908864E88BB}.Debug|Any CPU.Build.0 = Debug|Any CPU
		{4B11533E-3299-4719-8EAD-E908864E88BB}.Release|Any CPU.ActiveCfg = Release|Any CPU
		{4B11533E-3299-4719-8EAD-E908864E88BB}.Release|Any CPU.Build.0 = Release|Any CPU
		{56F40E8F-BDDE-49A1-A968-FD86930C089E}.Debug|Any CPU.ActiveCfg = Debug|Any CPU
		{56F40E8F-BDDE-49A1-A968-FD86930C089E}.Debug|Any CPU.Build.0 = Debug|Any CPU
		{56F40E8F-BDDE-49A1-A968-FD86930C089E}.Release|Any CPU.ActiveCfg = Release|Any CPU
		{56F40E8F-BDDE-49A1-A968-FD86930C089E}.Release|Any CPU.Build.0 = Release|Any CPU
	EndGlobalSection
	GlobalSection(SolutionProperties) = preSolution
		HideSolutionNode = FALSE
	EndGlobalSection
	GlobalSection(ExtensibilityGlobals) = postSolution
		SolutionGuid = {B2B447AE-61A0-41ED-9026-5DD6CFDA8861}
	EndGlobalSection
EndGlobal
