
Microsoft Visual Studio Solution File, Format Version 12.00
# Visual Studio Version 16
VisualStudioVersion = 16.0.31515.178
MinimumVisualStudioVersion = 10.0.40219.1
Project("{FAE04EC0-301F-11D3-BF4B-00C04F79EFBC}") = "VehicleLibrary", "VehicleLibrary\VehicleLibrary.csproj", "{7526308A-62BC-4D74-AC54-16BFA593F7C4}"
EndProject
Project("{FAE04EC0-301F-11D3-BF4B-00C04F79EFBC}") = "VehicleLibraryExtended", "VehicleLibraryExtended\VehicleLibraryExtended.csproj", "{63A4FCFE-6E76-4684-8700-4652A8DC6954}"
EndProject
Project("{FAE04EC0-301F-11D3-BF4B-00C04F79EFBC}") = "VehicleUI", "VehicleUI\VehicleUI.csproj", "{38D2A5B8-8457-4D04-818D-CCF905FD448C}"
EndProject
Global
	GlobalSection(SolutionConfigurationPlatforms) = preSolution
		Debug|Any CPU = Debug|Any CPU
		Release|Any CPU = Release|Any CPU
	EndGlobalSection
	GlobalSection(ProjectConfigurationPlatforms) = postSolution
		{7526308A-62BC-4D74-AC54-16BFA593F7C4}.Debug|Any CPU.ActiveCfg = Debug|Any CPU
		{7526308A-62BC-4D74-AC54-16BFA593F7C4}.Debug|Any CPU.Build.0 = Debug|Any CPU
		{7526308A-62BC-4D74-AC54-16BFA593F7C4}.Release|Any CPU.ActiveCfg = Release|Any CPU
		{7526308A-62BC-4D74-AC54-16BFA593F7C4}.Release|Any CPU.Build.0 = Release|Any CPU
		{63A4FCFE-6E76-4684-8700-4652A8DC6954}.Debug|Any CPU.ActiveCfg = Debug|Any CPU
		{63A4FCFE-6E76-4684-8700-4652A8DC6954}.Debug|Any CPU.Build.0 = Debug|Any CPU
		{63A4FCFE-6E76-4684-8700-4652A8DC6954}.Release|Any CPU.ActiveCfg = Release|Any CPU
		{63A4FCFE-6E76-4684-8700-4652A8DC6954}.Release|Any CPU.Build.0 = Release|Any CPU
		{38D2A5B8-8457-4D04-818D-CCF905FD448C}.Debug|Any CPU.ActiveCfg = Debug|Any CPU
		{38D2A5B8-8457-4D04-818D-CCF905FD448C}.Debug|Any CPU.Build.0 = Debug|Any CPU
		{38D2A5B8-8457-4D04-818D-CCF905FD448C}.Release|Any CPU.ActiveCfg = Release|Any CPU
		{38D2A5B8-8457-4D04-818D-CCF905FD448C}.Release|Any CPU.Build.0 = Release|Any CPU
	EndGlobalSection
	GlobalSection(SolutionProperties) = preSolution
		HideSolutionNode = FALSE
	EndGlobalSection
	GlobalSection(ExtensibilityGlobals) = postSolution
		SolutionGuid = {AFC67CCD-CAF6-4667-8AD1-E280063739BD}
	EndGlobalSection
EndGlobal
